
Microsoft Visual Studio Solution File, Format Version 12.00
# Visual Studio Version 17
VisualStudioVersion = 17.14.36121.58 d17.14
MinimumVisualStudioVersion = 10.0.40219.1
Project("{FAE04EC0-301F-11D3-BF4B-00C04F79EFBC}") = "CrudOperation", "CrudOperation\CrudOperation.csproj", "{F9AFCDB3-2AD2-4B9B-A910-57612F4DD505}"
EndProject
Global
	GlobalSection(SolutionConfigurationPlatforms) = preSolution
		Debug|Any CPU = Debug|Any CPU
		Release|Any CPU = Release|Any CPU
	EndGlobalSection
	GlobalSection(ProjectConfigurationPlatforms) = postSolution
		{F9AFCDB3-2AD2-4B9B-A910-57612F4DD505}.Debug|Any CPU.ActiveCfg = Debug|Any CPU
		{F9AFCDB3-2AD2-4B9B-A910-57612F4DD505}.Debug|Any CPU.Build.0 = Debug|Any CPU
		{F9AFCDB3-2AD2-4B9B-A910-57612F4DD505}.Release|Any CPU.ActiveCfg = Release|Any CPU
		{F9AFCDB3-2AD2-4B9B-A910-57612F4DD505}.Release|Any CPU.Build.0 = Release|Any CPU
	EndGlobalSection
	GlobalSection(SolutionProperties) = preSolution
		HideSolutionNode = FALSE
	EndGlobalSection
	GlobalSection(ExtensibilityGlobals) = postSolution
		SolutionGuid = {DBA3A1A1-8583-4ACC-BF76-C2636021468E}
	EndGlobalSection
EndGlobal
